// !$*UTF8*$!
{
	archiveVersion = 1;
	classes = {
	};
	objectVersion = 56;
	objects = {

/* Begin PBXBuildFile section */
		71E585B72BC2EBF70053B8E8 /* SwiftUI_TutorialsApp.swift in Sources */ = {isa = PBXBuildFile; fileRef = 71E585B62BC2EBF70053B8E8 /* SwiftUI_TutorialsApp.swift */; };
		71E585B92BC2EBF70053B8E8 /* ContentView.swift in Sources */ = {isa = PBXBuildFile; fileRef = 71E585B82BC2EBF70053B8E8 /* ContentView.swift */; };
		71E585BB2BC2EBF90053B8E8 /* Assets.xcassets in Resources */ = {isa = PBXBuildFile; fileRef = 71E585BA2BC2EBF90053B8E8 /* Assets.xcassets */; };
		71E585BF2BC2EBF90053B8E8 /* Preview Assets.xcassets in Resources */ = {isa = PBXBuildFile; fileRef = 71E585BE2BC2EBF90053B8E8 /* Preview Assets.xcassets */; };
		71E585C62BC40E350053B8E8 /* WelcomePage.swift in Sources */ = {isa = PBXBuildFile; fileRef = 71E585C52BC40E350053B8E8 /* WelcomePage.swift */; };
		71E585C82BC410230053B8E8 /* FeaturesPage.swift in Sources */ = {isa = PBXBuildFile; fileRef = 71E585C72BC410230053B8E8 /* FeaturesPage.swift */; };
		71E585CA2BC410A30053B8E8 /* FeatureCard.swift in Sources */ = {isa = PBXBuildFile; fileRef = 71E585C92BC410A30053B8E8 /* FeatureCard.swift */; };
		71E585CC2BC56DD90053B8E8 /* Chapter4.swift in Sources */ = {isa = PBXBuildFile; fileRef = 71E585CB2BC56DD90053B8E8 /* Chapter4.swift */; };
		71E585CE2BC56F350053B8E8 /* DiceView.swift in Sources */ = {isa = PBXBuildFile; fileRef = 71E585CD2BC56F350053B8E8 /* DiceView.swift */; };
/* End PBXBuildFile section */

/* Begin PBXFileReference section */
		71E585B32BC2EBF70053B8E8 /* SwiftUI_Tutorials.app */ = {isa = PBXFileReference; explicitFileType = wrapper.application; includeInIndex = 0; path = SwiftUI_Tutorials.app; sourceTree = BUILT_PRODUCTS_DIR; };
		71E585B62BC2EBF70053B8E8 /* SwiftUI_TutorialsApp.swift */ = {isa = PBXFileReference; lastKnownFileType = sourcecode.swift; path = SwiftUI_TutorialsApp.swift; sourceTree = "<group>"; };
		71E585B82BC2EBF70053B8E8 /* ContentView.swift */ = {isa = PBXFileReference; lastKnownFileType = sourcecode.swift; path = ContentView.swift; sourceTree = "<group>"; };
		71E585BA2BC2EBF90053B8E8 /* Assets.xcassets */ = {isa = PBXFileReference; lastKnownFileType = folder.assetcatalog; path = Assets.xcassets; sourceTree = "<group>"; };
		71E585BC2BC2EBF90053B8E8 /* SwiftUI_Tutorials.entitlements */ = {isa = PBXFileReference; lastKnownFileType = text.plist.entitlements; path = SwiftUI_Tutorials.entitlements; sourceTree = "<group>"; };
		71E585BE2BC2EBF90053B8E8 /* Preview Assets.xcassets */ = {isa = PBXFileReference; lastKnownFileType = folder.assetcatalog; path = "Preview Assets.xcassets"; sourceTree = "<group>"; };
		71E585C52BC40E350053B8E8 /* WelcomePage.swift */ = {isa = PBXFileReference; lastKnownFileType = sourcecode.swift; path = WelcomePage.swift; sourceTree = "<group>"; };
		71E585C72BC410230053B8E8 /* FeaturesPage.swift */ = {isa = PBXFileReference; lastKnownFileType = sourcecode.swift; path = FeaturesPage.swift; sourceTree = "<group>"; };
		71E585C92BC410A30053B8E8 /* FeatureCard.swift */ = {isa = PBXFileReference; lastKnownFileType = sourcecode.swift; path = FeatureCard.swift; sourceTree = "<group>"; };
		71E585CB2BC56DD90053B8E8 /* Chapter4.swift */ = {isa = PBXFileReference; lastKnownFileType = sourcecode.swift; path = Chapter4.swift; sourceTree = "<group>"; };
		71E585CD2BC56F350053B8E8 /* DiceView.swift */ = {isa = PBXFileReference; lastKnownFileType = sourcecode.swift; path = DiceView.swift; sourceTree = "<group>"; };
/* End PBXFileReference section */

/* Begin PBXFrameworksBuildPhase section */
		71E585B02BC2EBF70053B8E8 /* Frameworks */ = {
			isa = PBXFrameworksBuildPhase;
			buildActionMask = 2147483647;
			files = (
			);
			runOnlyForDeploymentPostprocessing = 0;
		};
/* End PBXFrameworksBuildPhase section */

/* Begin PBXGroup section */
		71E585AA2BC2EBF70053B8E8 = {
			isa = PBXGroup;
			children = (
				71E585B52BC2EBF70053B8E8 /* SwiftUI_Tutorials */,
				71E585B42BC2EBF70053B8E8 /* Products */,
			);
			sourceTree = "<group>";
		};
		71E585B42BC2EBF70053B8E8 /* Products */ = {
			isa = PBXGroup;
			children = (
				71E585B32BC2EBF70053B8E8 /* SwiftUI_Tutorials.app */,
			);
			name = Products;
			sourceTree = "<group>";
		};
		71E585B52BC2EBF70053B8E8 /* SwiftUI_Tutorials */ = {
			isa = PBXGroup;
			children = (
				71E585B62BC2EBF70053B8E8 /* SwiftUI_TutorialsApp.swift */,
				71E585B82BC2EBF70053B8E8 /* ContentView.swift */,
				71E585BA2BC2EBF90053B8E8 /* Assets.xcassets */,
				71E585BC2BC2EBF90053B8E8 /* SwiftUI_Tutorials.entitlements */,
				71E585BD2BC2EBF90053B8E8 /* Preview Content */,
				71E585C52BC40E350053B8E8 /* WelcomePage.swift */,
				71E585C72BC410230053B8E8 /* FeaturesPage.swift */,
				71E585C92BC410A30053B8E8 /* FeatureCard.swift */,
				71E585CB2BC56DD90053B8E8 /* Chapter4.swift */,
				71E585CD2BC56F350053B8E8 /* DiceView.swift */,
			);
			path = SwiftUI_Tutorials;
			sourceTree = "<group>";
		};
		71E585BD2BC2EBF90053B8E8 /* Preview Content */ = {
			isa = PBXGroup;
			children = (
				71E585BE2BC2EBF90053B8E8 /* Preview Assets.xcassets */,
			);
			path = "Preview Content";
			sourceTree = "<group>";
		};
/* End PBXGroup section */

/* Begin PBXNativeTarget section */
		71E585B22BC2EBF70053B8E8 /* SwiftUI_Tutorials */ = {
			isa = PBXNativeTarget;
			buildConfigurationList = 71E585C22BC2EBF90053B8E8 /* Build configuration list for PBXNativeTarget "SwiftUI_Tutorials" */;
			buildPhases = (
				71E585AF2BC2EBF70053B8E8 /* Sources */,
				71E585B02BC2EBF70053B8E8 /* Frameworks */,
				71E585B12BC2EBF70053B8E8 /* Resources */,
			);
			buildRules = (
			);
			dependencies = (
			);
			name = SwiftUI_Tutorials;
			productName = SwiftUI_Tutorials;
			productReference = 71E585B32BC2EBF70053B8E8 /* SwiftUI_Tutorials.app */;
			productType = "com.apple.product-type.application";
		};
/* End PBXNativeTarget section */

/* Begin PBXProject section */
		71E585AB2BC2EBF70053B8E8 /* Project object */ = {
			isa = PBXProject;
			attributes = {
				BuildIndependentTargetsInParallel = 1;
				LastSwiftUpdateCheck = 1530;
				LastUpgradeCheck = 1530;
				TargetAttributes = {
					71E585B22BC2EBF70053B8E8 = {
						CreatedOnToolsVersion = 15.3;
					};
				};
			};
			buildConfigurationList = 71E585AE2BC2EBF70053B8E8 /* Build configuration list for PBXProject "SwiftUI_Tutorials" */;
			compatibilityVersion = "Xcode 14.0";
			developmentRegion = en;
			hasScannedForEncodings = 0;
			knownRegions = (
				en,
				Base,
			);
			mainGroup = 71E585AA2BC2EBF70053B8E8;
			productRefGroup = 71E585B42BC2EBF70053B8E8 /* Products */;
			projectDirPath = "";
			projectRoot = "";
			targets = (
				71E585B22BC2EBF70053B8E8 /* SwiftUI_Tutorials */,
			);
		};
/* End PBXProject section */

/* Begin PBXResourcesBuildPhase section */
		71E585B12BC2EBF70053B8E8 /* Resources */ = {
			isa = PBXResourcesBuildPhase;
			buildActionMask = 2147483647;
			files = (
				71E585BF2BC2EBF90053B8E8 /* Preview Assets.xcassets in Resources */,
				71E585BB2BC2EBF90053B8E8 /* Assets.xcassets in Resources */,
			);
			runOnlyForDeploymentPostprocessing = 0;
		};
/* End PBXResourcesBuildPhase section */

/* Begin PBXSourcesBuildPhase section */
		71E585AF2BC2EBF70053B8E8 /* Sources */ = {
			isa = PBXSourcesBuildPhase;
			buildActionMask = 2147483647;
			files = (
				71E585C62BC40E350053B8E8 /* WelcomePage.swift in Sources */,
				71E585C82BC410230053B8E8 /* FeaturesPage.swift in Sources */,
				71E585CC2BC56DD90053B8E8 /* Chapter4.swift in Sources */,
				71E585B92BC2EBF70053B8E8 /* ContentView.swift in Sources */,
				71E585B72BC2EBF70053B8E8 /* SwiftUI_TutorialsApp.swift in Sources */,
				71E585CE2BC56F350053B8E8 /* DiceView.swift in Sources */,
				71E585CA2BC410A30053B8E8 /* FeatureCard.swift in Sources */,
			);
			runOnlyForDeploymentPostprocessing = 0;
		};
/* End PBXSourcesBuildPhase section */

/* Begin XCBuildConfiguration section */
		71E585C02BC2EBF90053B8E8 /* Debug */ = {
			isa = XCBuildConfiguration;
			buildSettings = {
				ALWAYS_SEARCH_USER_PATHS = NO;
				ASSETCATALOG_COMPILER_GENERATE_SWIFT_ASSET_SYMBOL_EXTENSIONS = YES;
				CLANG_ANALYZER_NONNULL = YES;
				CLANG_ANALYZER_NUMBER_OBJECT_CONVERSION = YES_AGGRESSIVE;
				CLANG_CXX_LANGUAGE_STANDARD = "gnu++20";
				CLANG_ENABLE_MODULES = YES;
				CLANG_ENABLE_OBJC_ARC = YES;
				CLANG_ENABLE_OBJC_WEAK = YES;
				CLANG_WARN_BLOCK_CAPTURE_AUTORELEASING = YES;
				CLANG_WARN_BOOL_CONVERSION = YES;
				CLANG_WARN_COMMA = YES;
				CLANG_WARN_CONSTANT_CONVERSION = YES;
				CLANG_WARN_DEPRECATED_OBJC_IMPLEMENTATIONS = YES;
				CLANG_WARN_DIRECT_OBJC_ISA_USAGE = YES_ERROR;
				CLANG_WARN_DOCUMENTATION_COMMENTS = YES;
				CLANG_WARN_EMPTY_BODY = YES;
				CLANG_WARN_ENUM_CONVERSION = YES;
				CLANG_WARN_INFINITE_RECURSION = YES;
				CLANG_WARN_INT_CONVERSION = YES;
				CLANG_WARN_NON_LITERAL_NULL_CONVERSION = YES;
				CLANG_WARN_OBJC_IMPLICIT_RETAIN_SELF = YES;
				CLANG_WARN_OBJC_LITERAL_CONVERSION = YES;
				CLANG_WARN_OBJC_ROOT_CLASS = YES_ERROR;
				CLANG_WARN_QUOTED_INCLUDE_IN_FRAMEWORK_HEADER = YES;
				CLANG_WARN_RANGE_LOOP_ANALYSIS = YES;
				CLANG_WARN_STRICT_PROTOTYPES = YES;
				CLANG_WARN_SUSPICIOUS_MOVE = YES;
				CLANG_WARN_UNGUARDED_AVAILABILITY = YES_AGGRESSIVE;
				CLANG_WARN_UNREACHABLE_CODE = YES;
				CLANG_WARN__DUPLICATE_METHOD_MATCH = YES;
				COPY_PHASE_STRIP = NO;
				DEBUG_INFORMATION_FORMAT = dwarf;
				ENABLE_STRICT_OBJC_MSGSEND = YES;
				ENABLE_TESTABILITY = YES;
				ENABLE_USER_SCRIPT_SANDBOXING = YES;
				GCC_C_LANGUAGE_STANDARD = gnu17;
				GCC_DYNAMIC_NO_PIC = NO;
				GCC_NO_COMMON_BLOCKS = YES;
				GCC_OPTIMIZATION_LEVEL = 0;
				GCC_PREPROCESSOR_DEFINITIONS = (
					"DEBUG=1",
					"$(inherited)",
				);
				GCC_WARN_64_TO_32_BIT_CONVERSION = YES;
				GCC_WARN_ABOUT_RETURN_TYPE = YES_ERROR;
				GCC_WARN_UNDECLARED_SELECTOR = YES;
				GCC_WARN_UNINITIALIZED_AUTOS = YES_AGGRESSIVE;
				GCC_WARN_UNUSED_FUNCTION = YES;
				GCC_WARN_UNUSED_VARIABLE = YES;
				LOCALIZATION_PREFERS_STRING_CATALOGS = YES;
				MTL_ENABLE_DEBUG_INFO = INCLUDE_SOURCE;
				MTL_FAST_MATH = YES;
				ONLY_ACTIVE_ARCH = YES;
				SWIFT_ACTIVE_COMPILATION_CONDITIONS = "DEBUG $(inherited)";
				SWIFT_OPTIMIZATION_LEVEL = "-Onone";
			};
			name = Debug;
		};
		71E585C12BC2EBF90053B8E8 /* Release */ = {
			isa = XCBuildConfiguration;
			buildSettings = {
				ALWAYS_SEARCH_USER_PATHS = NO;
				ASSETCATALOG_COMPILER_GENERATE_SWIFT_ASSET_SYMBOL_EXTENSIONS = YES;
				CLANG_ANALYZER_NONNULL = YES;
				CLANG_ANALYZER_NUMBER_OBJECT_CONVERSION = YES_AGGRESSIVE;
				CLANG_CXX_LANGUAGE_STANDARD = "gnu++20";
				CLANG_ENABLE_MODULES = YES;
				CLANG_ENABLE_OBJC_ARC = YES;
				CLANG_ENABLE_OBJC_WEAK = YES;
				CLANG_WARN_BLOCK_CAPTURE_AUTORELEASING = YES;
				CLANG_WARN_BOOL_CONVERSION = YES;
				CLANG_WARN_COMMA = YES;
				CLANG_WARN_CONSTANT_CONVERSION = YES;
				CLANG_WARN_DEPRECATED_OBJC_IMPLEMENTATIONS = YES;
				CLANG_WARN_DIRECT_OBJC_ISA_USAGE = YES_ERROR;
				CLANG_WARN_DOCUMENTATION_COMMENTS = YES;
				CLANG_WARN_EMPTY_BODY = YES;
				CLANG_WARN_ENUM_CONVERSION = YES;
				CLANG_WARN_INFINITE_RECURSION = YES;
				CLANG_WARN_INT_CONVERSION = YES;
				CLANG_WARN_NON_LITERAL_NULL_CONVERSION = YES;
				CLANG_WARN_OBJC_IMPLICIT_RETAIN_SELF = YES;
				CLANG_WARN_OBJC_LITERAL_CONVERSION = YES;
				CLANG_WARN_OBJC_ROOT_CLASS = YES_ERROR;
				CLANG_WARN_QUOTED_INCLUDE_IN_FRAMEWORK_HEADER = YES;
				CLANG_WARN_RANGE_LOOP_ANALYSIS = YES;
				CLANG_WARN_STRICT_PROTOTYPES = YES;
				CLANG_WARN_SUSPICIOUS_MOVE = YES;
				CLANG_WARN_UNGUARDED_AVAILABILITY = YES_AGGRESSIVE;
				CLANG_WARN_UNREACHABLE_CODE = YES;
				CLANG_WARN__DUPLICATE_METHOD_MATCH = YES;
				COPY_PHASE_STRIP = NO;
				DEBUG_INFORMATION_FORMAT = "dwarf-with-dsym";
				ENABLE_NS_ASSERTIONS = NO;
				ENABLE_STRICT_OBJC_MSGSEND = YES;
				ENABLE_USER_SCRIPT_SANDBOXING = YES;
				GCC_C_LANGUAGE_STANDARD = gnu17;
				GCC_NO_COMMON_BLOCKS = YES;
				GCC_WARN_64_TO_32_BIT_CONVERSION = YES;
				GCC_WARN_ABOUT_RETURN_TYPE = YES_ERROR;
				GCC_WARN_UNDECLARED_SELECTOR = YES;
				GCC_WARN_UNINITIALIZED_AUTOS = YES_AGGRESSIVE;
				GCC_WARN_UNUSED_FUNCTION = YES;
				GCC_WARN_UNUSED_VARIABLE = YES;
				LOCALIZATION_PREFERS_STRING_CATALOGS = YES;
				MTL_ENABLE_DEBUG_INFO = NO;
				MTL_FAST_MATH = YES;
				SWIFT_COMPILATION_MODE = wholemodule;
			};
			name = Release;
		};
		71E585C32BC2EBF90053B8E8 /* Debug */ = {
			isa = XCBuildConfiguration;
			buildSettings = {
				ASSETCATALOG_COMPILER_APPICON_NAME = AppIcon;
				ASSETCATALOG_COMPILER_GLOBAL_ACCENT_COLOR_NAME = AccentColor;
				CODE_SIGN_ENTITLEMENTS = SwiftUI_Tutorials/SwiftUI_Tutorials.entitlements;
				CODE_SIGN_STYLE = Automatic;
				CURRENT_PROJECT_VERSION = 1;
				DEVELOPMENT_ASSET_PATHS = "\"SwiftUI_Tutorials/Preview Content\"";
				DEVELOPMENT_TEAM = YQQ7BB8WF7;
				ENABLE_HARDENED_RUNTIME = YES;
				ENABLE_PREVIEWS = YES;
				GENERATE_INFOPLIST_FILE = YES;
				"INFOPLIST_KEY_UIApplicationSceneManifest_Generation[sdk=iphoneos*]" = YES;
				"INFOPLIST_KEY_UIApplicationSceneManifest_Generation[sdk=iphonesimulator*]" = YES;
				"INFOPLIST_KEY_UIApplicationSupportsIndirectInputEvents[sdk=iphoneos*]" = YES;
				"INFOPLIST_KEY_UIApplicationSupportsIndirectInputEvents[sdk=iphonesimulator*]" = YES;
				"INFOPLIST_KEY_UILaunchScreen_Generation[sdk=iphoneos*]" = YES;
				"INFOPLIST_KEY_UILaunchScreen_Generation[sdk=iphonesimulator*]" = YES;
				"INFOPLIST_KEY_UIStatusBarStyle[sdk=iphoneos*]" = UIStatusBarStyleDefault;
				"INFOPLIST_KEY_UIStatusBarStyle[sdk=iphonesimulator*]" = UIStatusBarStyleDefault;
				INFOPLIST_KEY_UISupportedInterfaceOrientations_iPad = "UIInterfaceOrientationPortrait UIInterfaceOrientationPortraitUpsideDown UIInterfaceOrientationLandscapeLeft UIInterfaceOrientationLandscapeRight";
				INFOPLIST_KEY_UISupportedInterfaceOrientations_iPhone = "UIInterfaceOrientationPortrait UIInterfaceOrientationLandscapeLeft UIInterfaceOrientationLandscapeRight";
				IPHONEOS_DEPLOYMENT_TARGET = 17.4;
				LD_RUNPATH_SEARCH_PATHS = "@executable_path/Frameworks";
				"LD_RUNPATH_SEARCH_PATHS[sdk=macosx*]" = "@executable_path/../Frameworks";
				MACOSX_DEPLOYMENT_TARGET = 14.1;
				MARKETING_VERSION = 1.0;
				PRODUCT_BUNDLE_IDENTIFIER = "com.muchimuchi.SwiftUI-Tutorials";
				PRODUCT_NAME = "$(TARGET_NAME)";
				SDKROOT = auto;
				SUPPORTED_PLATFORMS = "iphoneos iphonesimulator macosx";
				SWIFT_EMIT_LOC_STRINGS = YES;
				SWIFT_VERSION = 5.0;
				TARGETED_DEVICE_FAMILY = "1,2";
			};
			name = Debug;
		};
		71E585C42BC2EBF90053B8E8 /* Release */ = {
			isa = XCBuildConfiguration;
			buildSettings = {
				ASSETCATALOG_COMPILER_APPICON_NAME = AppIcon;
				ASSETCATALOG_COMPILER_GLOBAL_ACCENT_COLOR_NAME = AccentColor;
				CODE_SIGN_ENTITLEMENTS = SwiftUI_Tutorials/SwiftUI_Tutorials.entitlements;
				CODE_SIGN_STYLE = Automatic;
				CURRENT_PROJECT_VERSION = 1;
				DEVELOPMENT_ASSET_PATHS = "\"SwiftUI_Tutorials/Preview Content\"";
				DEVELOPMENT_TEAM = YQQ7BB8WF7;
				ENABLE_HARDENED_RUNTIME = YES;
				ENABLE_PREVIEWS = YES;
				GENERATE_INFOPLIST_FILE = YES;
				"INFOPLIST_KEY_UIApplicationSceneManifest_Generation[sdk=iphoneos*]" = YES;
				"INFOPLIST_KEY_UIApplicationSceneManifest_Generation[sdk=iphonesimulator*]" = YES;
				"INFOPLIST_KEY_UIApplicationSupportsIndirectInputEvents[sdk=iphoneos*]" = YES;
				"INFOPLIST_KEY_UIApplicationSupportsIndirectInputEvents[sdk=iphonesimulator*]" = YES;
				"INFOPLIST_KEY_UILaunchScreen_Generation[sdk=iphoneos*]" = YES;
				"INFOPLIST_KEY_UILaunchScreen_Generation[sdk=iphonesimulator*]" = YES;
				"INFOPLIST_KEY_UIStatusBarStyle[sdk=iphoneos*]" = UIStatusBarStyleDefault;
				"INFOPLIST_KEY_UIStatusBarStyle[sdk=iphonesimulator*]" = UIStatusBarStyleDefault;
				INFOPLIST_KEY_UISupportedInterfaceOrientations_iPad = "UIInterfaceOrientationPortrait UIInterfaceOrientationPortraitUpsideDown UIInterfaceOrientationLandscapeLeft UIInterfaceOrientationLandscapeRight";
				INFOPLIST_KEY_UISupportedInterfaceOrientations_iPhone = "UIInterfaceOrientationPortrait UIInterfaceOrientationLandscapeLeft UIInterfaceOrientationLandscapeRight";
				IPHONEOS_DEPLOYMENT_TARGET = 17.4;
				LD_RUNPATH_SEARCH_PATHS = "@executable_path/Frameworks";
				"LD_RUNPATH_SEARCH_PATHS[sdk=macosx*]" = "@executable_path/../Frameworks";
				MACOSX_DEPLOYMENT_TARGET = 14.1;
				MARKETING_VERSION = 1.0;
				PRODUCT_BUNDLE_IDENTIFIER = "com.muchimuchi.SwiftUI-Tutorials";
				PRODUCT_NAME = "$(TARGET_NAME)";
				SDKROOT = auto;
				SUPPORTED_PLATFORMS = "iphoneos iphonesimulator macosx";
				SWIFT_EMIT_LOC_STRINGS = YES;
				SWIFT_VERSION = 5.0;
				TARGETED_DEVICE_FAMILY = "1,2";
			};
			name = Release;
		};
/* End XCBuildConfiguration section */

/* Begin XCConfigurationList section */
		71E585AE2BC2EBF70053B8E8 /* Build configuration list for PBXProject "SwiftUI_Tutorials" */ = {
			isa = XCConfigurationList;
			buildConfigurations = (
				71E585C02BC2EBF90053B8E8 /* Debug */,
				71E585C12BC2EBF90053B8E8 /* Release */,
			);
			defaultConfigurationIsVisible = 0;
			defaultConfigurationName = Release;
		};
		71E585C22BC2EBF90053B8E8 /* Build configuration list for PBXNativeTarget "SwiftUI_Tutorials" */ = {
			isa = XCConfigurationList;
			buildConfigurations = (
				71E585C32BC2EBF90053B8E8 /* Debug */,
				71E585C42BC2EBF90053B8E8 /* Release */,
			);
			defaultConfigurationIsVisible = 0;
			defaultConfigurationName = Release;
		};
/* End XCConfigurationList section */
	};
	rootObject = 71E585AB2BC2EBF70053B8E8 /* Project object */;
}
